// !$*UTF8*$!
{
	archiveVersion = 1;
	classes = {
	};
	objectVersion = 51;
	objects = {

/* Begin PBXBuildFile section */
		0ED548C3127B0B4686DFA30D /* Pods_RxApi.framework in Frameworks */ = {isa = PBXBuildFile; fileRef = CF1100F8FEB6A0202AA6C0D0 /* Pods_RxApi.framework */; };
		3B38150B2655595700FAA7B8 /* MtgAPI.swift in Sources */ = {isa = PBXBuildFile; fileRef = 3B38150A2655595700FAA7B8 /* MtgAPI.swift */; };
		3B9376372646DB6C00937DAE /* SearchViewModel.swift in Sources */ = {isa = PBXBuildFile; fileRef = 3B9376362646DB6C00937DAE /* SearchViewModel.swift */; };
		3BDF52EB263C4C54006E5EDF /* AppDelegate.swift in Sources */ = {isa = PBXBuildFile; fileRef = 3BDF52EA263C4C54006E5EDF /* AppDelegate.swift */; };
		3BDF52ED263C4C54006E5EDF /* SceneDelegate.swift in Sources */ = {isa = PBXBuildFile; fileRef = 3BDF52EC263C4C54006E5EDF /* SceneDelegate.swift */; };
		3BDF52EF263C4C54006E5EDF /* ViewController.swift in Sources */ = {isa = PBXBuildFile; fileRef = 3BDF52EE263C4C54006E5EDF /* ViewController.swift */; };
		3BDF52F2263C4C54006E5EDF /* ViewController.storyboard in Resources */ = {isa = PBXBuildFile; fileRef = 3BDF52F0263C4C54006E5EDF /* ViewController.storyboard */; };
		3BDF52F4263C4C56006E5EDF /* Assets.xcassets in Resources */ = {isa = PBXBuildFile; fileRef = 3BDF52F3263C4C56006E5EDF /* Assets.xcassets */; };
		3BDF52F7263C4C56006E5EDF /* LaunchScreen.storyboard in Resources */ = {isa = PBXBuildFile; fileRef = 3BDF52F5263C4C56006E5EDF /* LaunchScreen.storyboard */; };
		3BE50A2426779B3400D3BF77 /* CardRepository.swift in Sources */ = {isa = PBXBuildFile; fileRef = 3BE50A2326779B3400D3BF77 /* CardRepository.swift */; };
		3BE60C98269B166F0093F176 /* CardCollectionViewCell.swift in Sources */ = {isa = PBXBuildFile; fileRef = 3BE60C96269B166E0093F176 /* CardCollectionViewCell.swift */; };
		3BE60C99269B166F0093F176 /* CardCollectionViewCell.xib in Resources */ = {isa = PBXBuildFile; fileRef = 3BE60C97269B166E0093F176 /* CardCollectionViewCell.xib */; };
		3BEE4A5F266E60FF00F998D7 /* Cards.swift in Sources */ = {isa = PBXBuildFile; fileRef = 3BEE4A5E266E60FF00F998D7 /* Cards.swift */; };
/* End PBXBuildFile section */

/* Begin PBXFileReference section */
		3B38150A2655595700FAA7B8 /* MtgAPI.swift */ = {isa = PBXFileReference; lastKnownFileType = sourcecode.swift; path = MtgAPI.swift; sourceTree = "<group>"; };
		3B9376362646DB6C00937DAE /* SearchViewModel.swift */ = {isa = PBXFileReference; lastKnownFileType = sourcecode.swift; path = SearchViewModel.swift; sourceTree = "<group>"; };
		3BDF52E7263C4C54006E5EDF /* RxApi.app */ = {isa = PBXFileReference; explicitFileType = wrapper.application; includeInIndex = 0; path = RxApi.app; sourceTree = BUILT_PRODUCTS_DIR; };
		3BDF52EA263C4C54006E5EDF /* AppDelegate.swift */ = {isa = PBXFileReference; lastKnownFileType = sourcecode.swift; path = AppDelegate.swift; sourceTree = "<group>"; };
		3BDF52EC263C4C54006E5EDF /* SceneDelegate.swift */ = {isa = PBXFileReference; lastKnownFileType = sourcecode.swift; path = SceneDelegate.swift; sourceTree = "<group>"; };
		3BDF52EE263C4C54006E5EDF /* ViewController.swift */ = {isa = PBXFileReference; lastKnownFileType = sourcecode.swift; path = ViewController.swift; sourceTree = "<group>"; };
		3BDF52F1263C4C54006E5EDF /* Base */ = {isa = PBXFileReference; lastKnownFileType = file.storyboard; name = Base; path = Base.lproj/ViewController.storyboard; sourceTree = "<group>"; };
		3BDF52F3263C4C56006E5EDF /* Assets.xcassets */ = {isa = PBXFileReference; lastKnownFileType = folder.assetcatalog; path = Assets.xcassets; sourceTree = "<group>"; };
		3BDF52F6263C4C56006E5EDF /* Base */ = {isa = PBXFileReference; lastKnownFileType = file.storyboard; name = Base; path = Base.lproj/LaunchScreen.storyboard; sourceTree = "<group>"; };
		3BDF52F8263C4C56006E5EDF /* Info.plist */ = {isa = PBXFileReference; lastKnownFileType = text.plist.xml; path = Info.plist; sourceTree = "<group>"; };
		3BE50A2326779B3400D3BF77 /* CardRepository.swift */ = {isa = PBXFileReference; lastKnownFileType = sourcecode.swift; path = CardRepository.swift; sourceTree = "<group>"; };
		3BE60C96269B166E0093F176 /* CardCollectionViewCell.swift */ = {isa = PBXFileReference; lastKnownFileType = sourcecode.swift; path = CardCollectionViewCell.swift; sourceTree = "<group>"; };
		3BE60C97269B166E0093F176 /* CardCollectionViewCell.xib */ = {isa = PBXFileReference; lastKnownFileType = file.xib; path = CardCollectionViewCell.xib; sourceTree = "<group>"; };
		3BEE4A5E266E60FF00F998D7 /* Cards.swift */ = {isa = PBXFileReference; lastKnownFileType = sourcecode.swift; path = Cards.swift; sourceTree = "<group>"; };
		90FDF59392E38124EC5FCCF7 /* Pods-RxApi.debug.xcconfig */ = {isa = PBXFileReference; includeInIndex = 1; lastKnownFileType = text.xcconfig; name = "Pods-RxApi.debug.xcconfig"; path = "Target Support Files/Pods-RxApi/Pods-RxApi.debug.xcconfig"; sourceTree = "<group>"; };
		CF1100F8FEB6A0202AA6C0D0 /* Pods_RxApi.framework */ = {isa = PBXFileReference; explicitFileType = wrapper.framework; includeInIndex = 0; path = Pods_RxApi.framework; sourceTree = BUILT_PRODUCTS_DIR; };
		D0757CBBF66FFEA9A6155439 /* Pods-RxApi.release.xcconfig */ = {isa = PBXFileReference; includeInIndex = 1; lastKnownFileType = text.xcconfig; name = "Pods-RxApi.release.xcconfig"; path = "Target Support Files/Pods-RxApi/Pods-RxApi.release.xcconfig"; sourceTree = "<group>"; };
/* End PBXFileReference section */

/* Begin PBXFrameworksBuildPhase section */
		3BDF52E4263C4C54006E5EDF /* Frameworks */ = {
			isa = PBXFrameworksBuildPhase;
			buildActionMask = 2147483647;
			files = (
				0ED548C3127B0B4686DFA30D /* Pods_RxApi.framework in Frameworks */,
			);
			runOnlyForDeploymentPostprocessing = 0;
		};
/* End PBXFrameworksBuildPhase section */

/* Begin PBXGroup section */
		3B0EC35C2655569E008A9605 /* View */ = {
			isa = PBXGroup;
			children = (
				3BDF52EE263C4C54006E5EDF /* ViewController.swift */,
				3BDF52F0263C4C54006E5EDF /* ViewController.storyboard */,
				3BE60C96269B166E0093F176 /* CardCollectionViewCell.swift */,
				3BE60C97269B166E0093F176 /* CardCollectionViewCell.xib */,
			);
			path = View;
			sourceTree = "<group>";
		};
		3BDF52DE263C4C54006E5EDF = {
			isa = PBXGroup;
			children = (
				3BDF52E9263C4C54006E5EDF /* RxApi */,
				3BDF52E8263C4C54006E5EDF /* Products */,
				EEE9B19DADA387E7477F77A9 /* Pods */,
				DFD56D9C8FA147A9DE5EFDF3 /* Frameworks */,
			);
			sourceTree = "<group>";
		};
		3BDF52E8263C4C54006E5EDF /* Products */ = {
			isa = PBXGroup;
			children = (
				3BDF52E7263C4C54006E5EDF /* RxApi.app */,
			);
			name = Products;
			sourceTree = "<group>";
		};
		3BDF52E9263C4C54006E5EDF /* RxApi */ = {
			isa = PBXGroup;
			children = (
				3BDF52EA263C4C54006E5EDF /* AppDelegate.swift */,
				3BDF52EC263C4C54006E5EDF /* SceneDelegate.swift */,
				3BE50A2826779B3B00D3BF77 /* Repository */,
				3B0EC35C2655569E008A9605 /* View */,
				3BE50A2226779B1100D3BF77 /* ViewModel */,
				3BF5D748265912F300A272AF /* Entity */,
				3B38150A2655595700FAA7B8 /* MtgAPI.swift */,
				3BDF52F3263C4C56006E5EDF /* Assets.xcassets */,
				3BDF52F5263C4C56006E5EDF /* LaunchScreen.storyboard */,
				3BDF52F8263C4C56006E5EDF /* Info.plist */,
			);
			path = RxApi;
			sourceTree = "<group>";
		};
		3BE50A2226779B1100D3BF77 /* ViewModel */ = {
			isa = PBXGroup;
			children = (
				3B9376362646DB6C00937DAE /* SearchViewModel.swift */,
			);
			path = ViewModel;
			sourceTree = "<group>";
		};
		3BE50A2826779B3B00D3BF77 /* Repository */ = {
			isa = PBXGroup;
			children = (
				3BE50A2326779B3400D3BF77 /* CardRepository.swift */,
			);
			path = Repository;
			sourceTree = "<group>";
		};
		3BF5D748265912F300A272AF /* Entity */ = {
			isa = PBXGroup;
			children = (
				3BEE4A5E266E60FF00F998D7 /* Cards.swift */,
			);
			path = Entity;
			sourceTree = "<group>";
		};
		DFD56D9C8FA147A9DE5EFDF3 /* Frameworks */ = {
			isa = PBXGroup;
			children = (
				CF1100F8FEB6A0202AA6C0D0 /* Pods_RxApi.framework */,
			);
			name = Frameworks;
			sourceTree = "<group>";
		};
		EEE9B19DADA387E7477F77A9 /* Pods */ = {
			isa = PBXGroup;
			children = (
				90FDF59392E38124EC5FCCF7 /* Pods-RxApi.debug.xcconfig */,
				D0757CBBF66FFEA9A6155439 /* Pods-RxApi.release.xcconfig */,
			);
			path = Pods;
			sourceTree = "<group>";
		};
/* End PBXGroup section */

/* Begin PBXNativeTarget section */
		3BDF52E6263C4C54006E5EDF /* RxApi */ = {
			isa = PBXNativeTarget;
			buildConfigurationList = 3BDF52FB263C4C56006E5EDF /* Build configuration list for PBXNativeTarget "RxApi" */;
			buildPhases = (
				561F3A5B70E78597F7117D6C /* [CP] Check Pods Manifest.lock */,
				3BDF52E3263C4C54006E5EDF /* Sources */,
				3BDF52E4263C4C54006E5EDF /* Frameworks */,
				3BDF52E5263C4C54006E5EDF /* Resources */,
				DB7C443A798B15CEB6A45734 /* [CP] Embed Pods Frameworks */,
			);
			buildRules = (
			);
			dependencies = (
			);
			name = RxApi;
			productName = RxApi;
			productReference = 3BDF52E7263C4C54006E5EDF /* RxApi.app */;
			productType = "com.apple.product-type.application";
		};
/* End PBXNativeTarget section */

/* Begin PBXProject section */
		3BDF52DF263C4C54006E5EDF /* Project object */ = {
			isa = PBXProject;
			attributes = {
				LastSwiftUpdateCheck = 1210;
				LastUpgradeCheck = 1210;
				TargetAttributes = {
					3BDF52E6263C4C54006E5EDF = {
						CreatedOnToolsVersion = 12.1;
					};
				};
			};
			buildConfigurationList = 3BDF52E2263C4C54006E5EDF /* Build configuration list for PBXProject "RxApi" */;
			compatibilityVersion = "Xcode 9.3";
			developmentRegion = en;
			hasScannedForEncodings = 0;
			knownRegions = (
				en,
				Base,
			);
			mainGroup = 3BDF52DE263C4C54006E5EDF;
			productRefGroup = 3BDF52E8263C4C54006E5EDF /* Products */;
			projectDirPath = "";
			projectRoot = "";
			targets = (
				3BDF52E6263C4C54006E5EDF /* RxApi */,
			);
		};
/* End PBXProject section */

/* Begin PBXResourcesBuildPhase section */
		3BDF52E5263C4C54006E5EDF /* Resources */ = {
			isa = PBXResourcesBuildPhase;
			buildActionMask = 2147483647;
			files = (
				3BE60C99269B166F0093F176 /* CardCollectionViewCell.xib in Resources */,
				3BDF52F7263C4C56006E5EDF /* LaunchScreen.storyboard in Resources */,
				3BDF52F4263C4C56006E5EDF /* Assets.xcassets in Resources */,
				3BDF52F2263C4C54006E5EDF /* ViewController.storyboard in Resources */,
			);
			runOnlyForDeploymentPostprocessing = 0;
		};
/* End PBXResourcesBuildPhase section */

/* Begin PBXShellScriptBuildPhase section */
		561F3A5B70E78597F7117D6C /* [CP] Check Pods Manifest.lock */ = {
			isa = PBXShellScriptBuildPhase;
			buildActionMask = 2147483647;
			files = (
			);
			inputFileListPaths = (
			);
			inputPaths = (
				"${PODS_PODFILE_DIR_PATH}/Podfile.lock",
				"${PODS_ROOT}/Manifest.lock",
			);
			name = "[CP] Check Pods Manifest.lock";
			outputFileListPaths = (
			);
			outputPaths = (
				"$(DERIVED_FILE_DIR)/Pods-RxApi-checkManifestLockResult.txt",
			);
			runOnlyForDeploymentPostprocessing = 0;
			shellPath = /bin/sh;
			shellScript = "diff \"${PODS_PODFILE_DIR_PATH}/Podfile.lock\" \"${PODS_ROOT}/Manifest.lock\" > /dev/null\nif [ $? != 0 ] ; then\n    # print error to STDERR\n    echo \"error: The sandbox is not in sync with the Podfile.lock. Run 'pod install' or update your CocoaPods installation.\" >&2\n    exit 1\nfi\n# This output is used by Xcode 'outputs' to avoid re-running this script phase.\necho \"SUCCESS\" > \"${SCRIPT_OUTPUT_FILE_0}\"\n";
			showEnvVarsInLog = 0;
		};
		DB7C443A798B15CEB6A45734 /* [CP] Embed Pods Frameworks */ = {
			isa = PBXShellScriptBuildPhase;
			buildActionMask = 2147483647;
			files = (
			);
			inputFileListPaths = (
				"${PODS_ROOT}/Target Support Files/Pods-RxApi/Pods-RxApi-frameworks-${CONFIGURATION}-input-files.xcfilelist",
			);
			name = "[CP] Embed Pods Frameworks";
			outputFileListPaths = (
				"${PODS_ROOT}/Target Support Files/Pods-RxApi/Pods-RxApi-frameworks-${CONFIGURATION}-output-files.xcfilelist",
			);
			runOnlyForDeploymentPostprocessing = 0;
			shellPath = /bin/sh;
			shellScript = "\"${PODS_ROOT}/Target Support Files/Pods-RxApi/Pods-RxApi-frameworks.sh\"\n";
			showEnvVarsInLog = 0;
		};
/* End PBXShellScriptBuildPhase section */

/* Begin PBXSourcesBuildPhase section */
		3BDF52E3263C4C54006E5EDF /* Sources */ = {
			isa = PBXSourcesBuildPhase;
			buildActionMask = 2147483647;
			files = (
				3BE60C98269B166F0093F176 /* CardCollectionViewCell.swift in Sources */,
				3B9376372646DB6C00937DAE /* SearchViewModel.swift in Sources */,
				3BE50A2426779B3400D3BF77 /* CardRepository.swift in Sources */,
				3BDF52EF263C4C54006E5EDF /* ViewController.swift in Sources */,
				3BDF52EB263C4C54006E5EDF /* AppDelegate.swift in Sources */,
				3B38150B2655595700FAA7B8 /* MtgAPI.swift in Sources */,
				3BEE4A5F266E60FF00F998D7 /* Cards.swift in Sources */,
				3BDF52ED263C4C54006E5EDF /* SceneDelegate.swift in Sources */,
			);
			runOnlyForDeploymentPostprocessing = 0;
		};
/* End PBXSourcesBuildPhase section */

/* Begin PBXVariantGroup section */
		3BDF52F0263C4C54006E5EDF /* ViewController.storyboard */ = {
			isa = PBXVariantGroup;
			children = (
				3BDF52F1263C4C54006E5EDF /* Base */,
			);
			name = ViewController.storyboard;
			sourceTree = "<group>";
		};
		3BDF52F5263C4C56006E5EDF /* LaunchScreen.storyboard */ = {
			isa = PBXVariantGroup;
			children = (
				3BDF52F6263C4C56006E5EDF /* Base */,
			);
			name = LaunchScreen.storyboard;
			sourceTree = "<group>";
		};
/* End PBXVariantGroup section */

/* Begin XCBuildConfiguration section */
		3BDF52F9263C4C56006E5EDF /* Debug */ = {
			isa = XCBuildConfiguration;
			buildSettings = {
				ALWAYS_SEARCH_USER_PATHS = NO;
				CLANG_ANALYZER_NONNULL = YES;
				CLANG_ANALYZER_NUMBER_OBJECT_CONVERSION = YES_AGGRESSIVE;
				CLANG_CXX_LANGUAGE_STANDARD = "gnu++14";
				CLANG_CXX_LIBRARY = "libc++";
				CLANG_ENABLE_MODULES = YES;
				CLANG_ENABLE_OBJC_ARC = YES;
				CLANG_ENABLE_OBJC_WEAK = YES;
				CLANG_WARN_BLOCK_CAPTURE_AUTORELEASING = YES;
				CLANG_WARN_BOOL_CONVERSION = YES;
				CLANG_WARN_COMMA = YES;
				CLANG_WARN_CONSTANT_CONVERSION = YES;
				CLANG_WARN_DEPRECATED_OBJC_IMPLEMENTATIONS = YES;
				CLANG_WARN_DIRECT_OBJC_ISA_USAGE = YES_ERROR;
				CLANG_WARN_DOCUMENTATION_COMMENTS = YES;
				CLANG_WARN_EMPTY_BODY = YES;
				CLANG_WARN_ENUM_CONVERSION = YES;
				CLANG_WARN_INFINITE_RECURSION = YES;
				CLANG_WARN_INT_CONVERSION = YES;
				CLANG_WARN_NON_LITERAL_NULL_CONVERSION = YES;
				CLANG_WARN_OBJC_IMPLICIT_RETAIN_SELF = YES;
				CLANG_WARN_OBJC_LITERAL_CONVERSION = YES;
				CLANG_WARN_OBJC_ROOT_CLASS = YES_ERROR;
				CLANG_WARN_QUOTED_INCLUDE_IN_FRAMEWORK_HEADER = YES;
				CLANG_WARN_RANGE_LOOP_ANALYSIS = YES;
				CLANG_WARN_STRICT_PROTOTYPES = YES;
				CLANG_WARN_SUSPICIOUS_MOVE = YES;
				CLANG_WARN_UNGUARDED_AVAILABILITY = YES_AGGRESSIVE;
				CLANG_WARN_UNREACHABLE_CODE = YES;
				CLANG_WARN__DUPLICATE_METHOD_MATCH = YES;
				COPY_PHASE_STRIP = NO;
				DEBUG_INFORMATION_FORMAT = dwarf;
				ENABLE_STRICT_OBJC_MSGSEND = YES;
				ENABLE_TESTABILITY = YES;
				GCC_C_LANGUAGE_STANDARD = gnu11;
				GCC_DYNAMIC_NO_PIC = NO;
				GCC_NO_COMMON_BLOCKS = YES;
				GCC_OPTIMIZATION_LEVEL = 0;
				GCC_PREPROCESSOR_DEFINITIONS = (
					"DEBUG=1",
					"$(inherited)",
				);
				GCC_WARN_64_TO_32_BIT_CONVERSION = YES;
				GCC_WARN_ABOUT_RETURN_TYPE = YES_ERROR;
				GCC_WARN_UNDECLARED_SELECTOR = YES;
				GCC_WARN_UNINITIALIZED_AUTOS = YES_AGGRESSIVE;
				GCC_WARN_UNUSED_FUNCTION = YES;
				GCC_WARN_UNUSED_VARIABLE = YES;
				IPHONEOS_DEPLOYMENT_TARGET = 14.1;
				MTL_ENABLE_DEBUG_INFO = INCLUDE_SOURCE;
				MTL_FAST_MATH = YES;
				ONLY_ACTIVE_ARCH = YES;
				SDKROOT = iphoneos;
				SWIFT_ACTIVE_COMPILATION_CONDITIONS = DEBUG;
				SWIFT_OPTIMIZATION_LEVEL = "-Onone";
			};
			name = Debug;
		};
		3BDF52FA263C4C56006E5EDF /* Release */ = {
			isa = XCBuildConfiguration;
			buildSettings = {
				ALWAYS_SEARCH_USER_PATHS = NO;
				CLANG_ANALYZER_NONNULL = YES;
				CLANG_ANALYZER_NUMBER_OBJECT_CONVERSION = YES_AGGRESSIVE;
				CLANG_CXX_LANGUAGE_STANDARD = "gnu++14";
				CLANG_CXX_LIBRARY = "libc++";
				CLANG_ENABLE_MODULES = YES;
				CLANG_ENABLE_OBJC_ARC = YES;
				CLANG_ENABLE_OBJC_WEAK = YES;
				CLANG_WARN_BLOCK_CAPTURE_AUTORELEASING = YES;
				CLANG_WARN_BOOL_CONVERSION = YES;
				CLANG_WARN_COMMA = YES;
				CLANG_WARN_CONSTANT_CONVERSION = YES;
				CLANG_WARN_DEPRECATED_OBJC_IMPLEMENTATIONS = YES;
				CLANG_WARN_DIRECT_OBJC_ISA_USAGE = YES_ERROR;
				CLANG_WARN_DOCUMENTATION_COMMENTS = YES;
				CLANG_WARN_EMPTY_BODY = YES;
				CLANG_WARN_ENUM_CONVERSION = YES;
				CLANG_WARN_INFINITE_RECURSION = YES;
				CLANG_WARN_INT_CONVERSION = YES;
				CLANG_WARN_NON_LITERAL_NULL_CONVERSION = YES;
				CLANG_WARN_OBJC_IMPLICIT_RETAIN_SELF = YES;
				CLANG_WARN_OBJC_LITERAL_CONVERSION = YES;
				CLANG_WARN_OBJC_ROOT_CLASS = YES_ERROR;
				CLANG_WARN_QUOTED_INCLUDE_IN_FRAMEWORK_HEADER = YES;
				CLANG_WARN_RANGE_LOOP_ANALYSIS = YES;
				CLANG_WARN_STRICT_PROTOTYPES = YES;
				CLANG_WARN_SUSPICIOUS_MOVE = YES;
				CLANG_WARN_UNGUARDED_AVAILABILITY = YES_AGGRESSIVE;
				CLANG_WARN_UNREACHABLE_CODE = YES;
				CLANG_WARN__DUPLICATE_METHOD_MATCH = YES;
				COPY_PHASE_STRIP = NO;
				DEBUG_INFORMATION_FORMAT = "dwarf-with-dsym";
				ENABLE_NS_ASSERTIONS = NO;
				ENABLE_STRICT_OBJC_MSGSEND = YES;
				GCC_C_LANGUAGE_STANDARD = gnu11;
				GCC_NO_COMMON_BLOCKS = YES;
				GCC_WARN_64_TO_32_BIT_CONVERSION = YES;
				GCC_WARN_ABOUT_RETURN_TYPE = YES_ERROR;
				GCC_WARN_UNDECLARED_SELECTOR = YES;
				GCC_WARN_UNINITIALIZED_AUTOS = YES_AGGRESSIVE;
				GCC_WARN_UNUSED_FUNCTION = YES;
				GCC_WARN_UNUSED_VARIABLE = YES;
				IPHONEOS_DEPLOYMENT_TARGET = 14.1;
				MTL_ENABLE_DEBUG_INFO = NO;
				MTL_FAST_MATH = YES;
				SDKROOT = iphoneos;
				SWIFT_COMPILATION_MODE = wholemodule;
				SWIFT_OPTIMIZATION_LEVEL = "-O";
				VALIDATE_PRODUCT = YES;
			};
			name = Release;
		};
		3BDF52FC263C4C56006E5EDF /* Debug */ = {
			isa = XCBuildConfiguration;
			baseConfigurationReference = 90FDF59392E38124EC5FCCF7 /* Pods-RxApi.debug.xcconfig */;
			buildSettings = {
				ASSETCATALOG_COMPILER_APPICON_NAME = AppIcon;
				ASSETCATALOG_COMPILER_GLOBAL_ACCENT_COLOR_NAME = AccentColor;
				CODE_SIGN_STYLE = Automatic;
				DEVELOPMENT_TEAM = MZS6GWM7ZN;
				INFOPLIST_FILE = RxApi/Info.plist;
				LD_RUNPATH_SEARCH_PATHS = (
					"$(inherited)",
					"@executable_path/Frameworks",
				);
				PRODUCT_BUNDLE_IDENTIFIER = com.antk.RxApi;
				PRODUCT_NAME = "$(TARGET_NAME)";
				SWIFT_VERSION = 5.0;
				TARGETED_DEVICE_FAMILY = 1;
			};
			name = Debug;
		};
		3BDF52FD263C4C56006E5EDF /* Release */ = {
			isa = XCBuildConfiguration;
			baseConfigurationReference = D0757CBBF66FFEA9A6155439 /* Pods-RxApi.release.xcconfig */;
			buildSettings = {
				ASSETCATALOG_COMPILER_APPICON_NAME = AppIcon;
				ASSETCATALOG_COMPILER_GLOBAL_ACCENT_COLOR_NAME = AccentColor;
				CODE_SIGN_STYLE = Automatic;
				DEVELOPMENT_TEAM = MZS6GWM7ZN;
				INFOPLIST_FILE = RxApi/Info.plist;
				LD_RUNPATH_SEARCH_PATHS = (
					"$(inherited)",
					"@executable_path/Frameworks",
				);
				PRODUCT_BUNDLE_IDENTIFIER = com.antk.RxApi;
				PRODUCT_NAME = "$(TARGET_NAME)";
				SWIFT_VERSION = 5.0;
				TARGETED_DEVICE_FAMILY = 1;
			};
			name = Release;
		};
/* End XCBuildConfiguration section */

/* Begin XCConfigurationList section */
		3BDF52E2263C4C54006E5EDF /* Build configuration list for PBXProject "RxApi" */ = {
			isa = XCConfigurationList;
			buildConfigurations = (
				3BDF52F9263C4C56006E5EDF /* Debug */,
				3BDF52FA263C4C56006E5EDF /* Release */,
			);
			defaultConfigurationIsVisible = 0;
			defaultConfigurationName = Release;
		};
		3BDF52FB263C4C56006E5EDF /* Build configuration list for PBXNativeTarget "RxApi" */ = {
			isa = XCConfigurationList;
			buildConfigurations = (
				3BDF52FC263C4C56006E5EDF /* Debug */,
				3BDF52FD263C4C56006E5EDF /* Release */,
			);
			defaultConfigurationIsVisible = 0;
			defaultConfigurationName = Release;
		};
/* End XCConfigurationList section */
	};
	rootObject = 3BDF52DF263C4C54006E5EDF /* Project object */;
}
